{
  "name": "Snyvurr",
  "lockfileVersion": 3,
  "requires": true,
  "packages": {
    "": {
      "dependencies": {
        "typescript-cookie": "^1.0.6"
      },
      "devDependencies": {
        "@types/js-cookie": "^3.0.4",
        "js-cookie": "^3.0.5"
      }
    },
    "node_modules/@types/js-cookie": {
      "version": "3.0.4",
      "resolved": "https://registry.npmjs.org/@types/js-cookie/-/js-cookie-3.0.4.tgz",
      "integrity": "sha512-vMMnFF+H5KYqdd/myCzq6wLDlPpteJK+jGFgBus3Da7lw+YsDmx2C8feGTzY2M3Fo823yON+HC2CL240j4OV+w==",
      "dev": true
    },
    "node_modules/js-cookie": {
      "version": "3.0.5",
      "resolved": "https://registry.npmjs.org/js-cookie/-/js-cookie-3.0.5.tgz",
      "integrity": "sha512-cEiJEAEoIbWfCZYKWhVwFuvPX1gETRYPw6LlaTKoxD3s2AkXzkCjnp6h0V77ozyqj0jakteJ4YqDJT830+lVGw==",
      "dev": true,
      "engines": {
        "node": ">=14"
      }
    },
    "node_modules/typescript-cookie": {
      "version": "1.0.6",
      "resolved": "https://registry.npmjs.org/typescript-cookie/-/typescript-cookie-1.0.6.tgz",
      "integrity": "sha512-s+BZr7/9BUG6Kg7jGGcOY/4XJcP+iZRFdF3q4FPTfRSP83ivLWF94OcH8PrzGmnS8Ab9qP7ENu/ikLwNFsIafA==",
      "engines": {
        "node": ">=14"
      }
    }
  }
}
